
Microsoft Visual Studio Solution File, Format Version 12.00
# Visual Studio Version 17
VisualStudioVersion = 17.13.35825.156 d17.13
MinimumVisualStudioVersion = 10.0.40219.1
Project("{FAE04EC0-301F-11D3-BF4B-00C04F79EFBC}") = "LTWeb05_Bai03", "LTWeb05_Bai03.csproj", "{9BFC0110-15B5-47E5-967A-825766A24A61}"
EndProject
Global
	GlobalSection(SolutionConfigurationPlatforms) = preSolution
		Debug|Any CPU = Debug|Any CPU
		Release|Any CPU = Release|Any CPU
	EndGlobalSection
	GlobalSection(ProjectConfigurationPlatforms) = postSolution
		{9BFC0110-15B5-47E5-967A-825766A24A61}.Debug|Any CPU.ActiveCfg = Debug|Any CPU
		{9BFC0110-15B5-47E5-967A-825766A24A61}.Debug|Any CPU.Build.0 = Debug|Any CPU
		{9BFC0110-15B5-47E5-967A-825766A24A61}.Release|Any CPU.ActiveCfg = Release|Any CPU
		{9BFC0110-15B5-47E5-967A-825766A24A61}.Release|Any CPU.Build.0 = Release|Any CPU
	EndGlobalSection
	GlobalSection(SolutionProperties) = preSolution
		HideSolutionNode = FALSE
	EndGlobalSection
	GlobalSection(ExtensibilityGlobals) = postSolution
		SolutionGuid = {C56D2244-572D-4D6F-84A5-66094685AC5B}
	EndGlobalSection
EndGlobal
