
Microsoft Visual Studio Solution File, Format Version 12.00
# Visual Studio Version 17
VisualStudioVersion = 17.13.35825.156 d17.13
MinimumVisualStudioVersion = 10.0.40219.1
Project("{FAE04EC0-301F-11D3-BF4B-00C04F79EFBC}") = "LTWeb05_Bai02", "LTWeb05_Bai02.csproj", "{90894359-EB3D-4263-9541-D8F8ACF3AE5E}"
EndProject
Global
	GlobalSection(SolutionConfigurationPlatforms) = preSolution
		Debug|Any CPU = Debug|Any CPU
		Release|Any CPU = Release|Any CPU
	EndGlobalSection
	GlobalSection(ProjectConfigurationPlatforms) = postSolution
		{90894359-EB3D-4263-9541-D8F8ACF3AE5E}.Debug|Any CPU.ActiveCfg = Debug|Any CPU
		{90894359-EB3D-4263-9541-D8F8ACF3AE5E}.Debug|Any CPU.Build.0 = Debug|Any CPU
		{90894359-EB3D-4263-9541-D8F8ACF3AE5E}.Release|Any CPU.ActiveCfg = Release|Any CPU
		{90894359-EB3D-4263-9541-D8F8ACF3AE5E}.Release|Any CPU.Build.0 = Release|Any CPU
	EndGlobalSection
	GlobalSection(SolutionProperties) = preSolution
		HideSolutionNode = FALSE
	EndGlobalSection
	GlobalSection(ExtensibilityGlobals) = postSolution
		SolutionGuid = {C10B1D61-6BDB-442D-A032-A8EBC6478BDC}
	EndGlobalSection
EndGlobal
